
Microsoft Visual Studio Solution File, Format Version 12.00
# Visual Studio Version 16
VisualStudioVersion = 16.0.31424.327
MinimumVisualStudioVersion = 10.0.40219.1
Project("{FAE04EC0-301F-11D3-BF4B-00C04F79EFBC}") = "VacationCheck", "VacationCheck.csproj", "{BA832683-4E06-4486-9163-CC913A614EDE}"
EndProject
Global
	GlobalSection(SolutionConfigurationPlatforms) = preSolution
		Debug|Any CPU = Debug|Any CPU
		Release|Any CPU = Release|Any CPU
	EndGlobalSection
	GlobalSection(ProjectConfigurationPlatforms) = postSolution
		{BA832683-4E06-4486-9163-CC913A614EDE}.Debug|Any CPU.ActiveCfg = Debug|Any CPU
		{BA832683-4E06-4486-9163-CC913A614EDE}.Debug|Any CPU.Build.0 = Debug|Any CPU
		{BA832683-4E06-4486-9163-CC913A614EDE}.Release|Any CPU.ActiveCfg = Release|Any CPU
		{BA832683-4E06-4486-9163-CC913A614EDE}.Release|Any CPU.Build.0 = Release|Any CPU
	EndGlobalSection
	GlobalSection(SolutionProperties) = preSolution
		HideSolutionNode = FALSE
	EndGlobalSection
	GlobalSection(ExtensibilityGlobals) = postSolution
		SolutionGuid = {90044E75-B77A-4D07-BEB0-1A9748E96E6B}
	EndGlobalSection
EndGlobal
